
Microsoft Visual Studio Solution File, Format Version 12.00
# Visual Studio Version 17
VisualStudioVersion = 17.1.32414.318
MinimumVisualStudioVersion = 10.0.40219.1
Project("{9A19103F-16F7-4668-BE54-9A1E7A4F7556}") = "DataStructuresAndAlgorithms", "DataStructuresAndAlgorithms.csproj", "{2EAF120E-2D75-456A-8639-9F24B8625F15}"
EndProject
Project("{9A19103F-16F7-4668-BE54-9A1E7A4F7556}") = "DataStructureLibrary", "..\DataStructureLibrary\DataStructureLibrary.csproj", "{80407091-BC1F-4CFA-B403-86D776F731F2}"
EndProject
Project("{9A19103F-16F7-4668-BE54-9A1E7A4F7556}") = "Arrays", "..\Arrays\Arrays.csproj", "{B1B4C6E4-645D-440B-B78A-A5EF9FC8C3CB}"
EndProject
Project("{9A19103F-16F7-4668-BE54-9A1E7A4F7556}") = "SortingAlgorithms", "..\SortingAlgorithms\SortingAlgorithms.csproj", "{25412799-9F50-41CE-9069-4CF6FC39F36F}"
EndProject
Project("{9A19103F-16F7-4668-BE54-9A1E7A4F7556}") = "DataStructuresAndAlgorithmsTests", "..\DataStructuresAndAlgorithmsTests\DataStructuresAndAlgorithmsTests.csproj", "{DC13D9FA-A0BA-45AB-B5F7-5E1A3251A99D}"
EndProject
Project("{9A19103F-16F7-4668-BE54-9A1E7A4F7556}") = "Lists", "..\Lists\Lists.csproj", "{2060EA42-72E3-4D1A-A530-8DCCBC1C2754}"
EndProject
Project("{9A19103F-16F7-4668-BE54-9A1E7A4F7556}") = "ListsTests", "..\ListsTests\ListsTests.csproj", "{452CF884-579E-4299-8ABE-0D4F034AEAD2}"
EndProject
Project("{9A19103F-16F7-4668-BE54-9A1E7A4F7556}") = "Stacks", "..\Stacks\Stacks.csproj", "{E7F929A4-63ED-452C-B493-8A2A54AFDB2A}"
EndProject
Project("{9A19103F-16F7-4668-BE54-9A1E7A4F7556}") = "StacksTests", "..\StacksTests\StacksTests.csproj", "{19037D20-4F76-4A0E-BF03-894E4997E4CC}"
EndProject
Project("{9A19103F-16F7-4668-BE54-9A1E7A4F7556}") = "Queues", "..\Queues\Queues.csproj", "{D4DBC57B-58E0-49CA-97FB-F14BD7EAAFBC}"
EndProject
Project("{9A19103F-16F7-4668-BE54-9A1E7A4F7556}") = "QueuesTests", "..\QueuesTests\QueuesTests.csproj", "{975007DB-E232-4959-8C53-1B573CC29375}"
EndProject
Project("{9A19103F-16F7-4668-BE54-9A1E7A4F7556}") = "SearchAlgorithms", "..\SearchAlgorithms\SearchAlgorithms.csproj", "{3CB2B441-FD4D-4F16-9898-093E3332DAD8}"
EndProject
Project("{9A19103F-16F7-4668-BE54-9A1E7A4F7556}") = "BinarySearchTests", "..\BinarySearchTests\BinarySearchTests.csproj", "{EB55642B-A6A9-43CA-9404-1528C9FAEC7A}"
EndProject
Project("{9A19103F-16F7-4668-BE54-9A1E7A4F7556}") = "SymbolTables", "..\SymbolTables\SymbolTables.csproj", "{700F0212-AFA0-4822-95C7-28FC785C1465}"
EndProject
Project("{9A19103F-16F7-4668-BE54-9A1E7A4F7556}") = "HashTables", "..\HashTables\HashTables.csproj", "{286955FD-3AFA-4D65-B952-CC2092AF879C}"
EndProject
Project("{FAE04EC0-301F-11D3-BF4B-00C04F79EFBC}") = "Trees", "..\Trees\Trees.csproj", "{4DED9F74-BCA8-4A46-B4EA-423988A62D9C}"
EndProject
Global
	GlobalSection(SolutionConfigurationPlatforms) = preSolution
		Debug|Any CPU = Debug|Any CPU
		Release|Any CPU = Release|Any CPU
	EndGlobalSection
	GlobalSection(ProjectConfigurationPlatforms) = postSolution
		{2EAF120E-2D75-456A-8639-9F24B8625F15}.Debug|Any CPU.ActiveCfg = Debug|Any CPU
		{2EAF120E-2D75-456A-8639-9F24B8625F15}.Debug|Any CPU.Build.0 = Debug|Any CPU
		{2EAF120E-2D75-456A-8639-9F24B8625F15}.Release|Any CPU.ActiveCfg = Release|Any CPU
		{2EAF120E-2D75-456A-8639-9F24B8625F15}.Release|Any CPU.Build.0 = Release|Any CPU
		{80407091-BC1F-4CFA-B403-86D776F731F2}.Debug|Any CPU.ActiveCfg = Debug|Any CPU
		{80407091-BC1F-4CFA-B403-86D776F731F2}.Debug|Any CPU.Build.0 = Debug|Any CPU
		{80407091-BC1F-4CFA-B403-86D776F731F2}.Release|Any CPU.ActiveCfg = Release|Any CPU
		{80407091-BC1F-4CFA-B403-86D776F731F2}.Release|Any CPU.Build.0 = Release|Any CPU
		{B1B4C6E4-645D-440B-B78A-A5EF9FC8C3CB}.Debug|Any CPU.ActiveCfg = Debug|Any CPU
		{B1B4C6E4-645D-440B-B78A-A5EF9FC8C3CB}.Debug|Any CPU.Build.0 = Debug|Any CPU
		{B1B4C6E4-645D-440B-B78A-A5EF9FC8C3CB}.Release|Any CPU.ActiveCfg = Release|Any CPU
		{B1B4C6E4-645D-440B-B78A-A5EF9FC8C3CB}.Release|Any CPU.Build.0 = Release|Any CPU
		{25412799-9F50-41CE-9069-4CF6FC39F36F}.Debug|Any CPU.ActiveCfg = Debug|Any CPU
		{25412799-9F50-41CE-9069-4CF6FC39F36F}.Debug|Any CPU.Build.0 = Debug|Any CPU
		{25412799-9F50-41CE-9069-4CF6FC39F36F}.Release|Any CPU.ActiveCfg = Release|Any CPU
		{25412799-9F50-41CE-9069-4CF6FC39F36F}.Release|Any CPU.Build.0 = Release|Any CPU
		{DC13D9FA-A0BA-45AB-B5F7-5E1A3251A99D}.Debug|Any CPU.ActiveCfg = Debug|Any CPU
		{DC13D9FA-A0BA-45AB-B5F7-5E1A3251A99D}.Debug|Any CPU.Build.0 = Debug|Any CPU
		{DC13D9FA-A0BA-45AB-B5F7-5E1A3251A99D}.Release|Any CPU.ActiveCfg = Release|Any CPU
		{DC13D9FA-A0BA-45AB-B5F7-5E1A3251A99D}.Release|Any CPU.Build.0 = Release|Any CPU
		{2060EA42-72E3-4D1A-A530-8DCCBC1C2754}.Debug|Any CPU.ActiveCfg = Debug|Any CPU
		{2060EA42-72E3-4D1A-A530-8DCCBC1C2754}.Debug|Any CPU.Build.0 = Debug|Any CPU
		{2060EA42-72E3-4D1A-A530-8DCCBC1C2754}.Release|Any CPU.ActiveCfg = Release|Any CPU
		{2060EA42-72E3-4D1A-A530-8DCCBC1C2754}.Release|Any CPU.Build.0 = Release|Any CPU
		{452CF884-579E-4299-8ABE-0D4F034AEAD2}.Debug|Any CPU.ActiveCfg = Debug|Any CPU
		{452CF884-579E-4299-8ABE-0D4F034AEAD2}.Debug|Any CPU.Build.0 = Debug|Any CPU
		{452CF884-579E-4299-8ABE-0D4F034AEAD2}.Release|Any CPU.ActiveCfg = Release|Any CPU
		{452CF884-579E-4299-8ABE-0D4F034AEAD2}.Release|Any CPU.Build.0 = Release|Any CPU
		{E7F929A4-63ED-452C-B493-8A2A54AFDB2A}.Debug|Any CPU.ActiveCfg = Debug|Any CPU
		{E7F929A4-63ED-452C-B493-8A2A54AFDB2A}.Debug|Any CPU.Build.0 = Debug|Any CPU
		{E7F929A4-63ED-452C-B493-8A2A54AFDB2A}.Release|Any CPU.ActiveCfg = Release|Any CPU
		{E7F929A4-63ED-452C-B493-8A2A54AFDB2A}.Release|Any CPU.Build.0 = Release|Any CPU
		{19037D20-4F76-4A0E-BF03-894E4997E4CC}.Debug|Any CPU.ActiveCfg = Debug|Any CPU
		{19037D20-4F76-4A0E-BF03-894E4997E4CC}.Debug|Any CPU.Build.0 = Debug|Any CPU
		{19037D20-4F76-4A0E-BF03-894E4997E4CC}.Release|Any CPU.ActiveCfg = Release|Any CPU
		{19037D20-4F76-4A0E-BF03-894E4997E4CC}.Release|Any CPU.Build.0 = Release|Any CPU
		{D4DBC57B-58E0-49CA-97FB-F14BD7EAAFBC}.Debug|Any CPU.ActiveCfg = Debug|Any CPU
		{D4DBC57B-58E0-49CA-97FB-F14BD7EAAFBC}.Debug|Any CPU.Build.0 = Debug|Any CPU
		{D4DBC57B-58E0-49CA-97FB-F14BD7EAAFBC}.Release|Any CPU.ActiveCfg = Release|Any CPU
		{D4DBC57B-58E0-49CA-97FB-F14BD7EAAFBC}.Release|Any CPU.Build.0 = Release|Any CPU
		{975007DB-E232-4959-8C53-1B573CC29375}.Debug|Any CPU.ActiveCfg = Debug|Any CPU
		{975007DB-E232-4959-8C53-1B573CC29375}.Debug|Any CPU.Build.0 = Debug|Any CPU
		{975007DB-E232-4959-8C53-1B573CC29375}.Release|Any CPU.ActiveCfg = Release|Any CPU
		{975007DB-E232-4959-8C53-1B573CC29375}.Release|Any CPU.Build.0 = Release|Any CPU
		{3CB2B441-FD4D-4F16-9898-093E3332DAD8}.Debug|Any CPU.ActiveCfg = Debug|Any CPU
		{3CB2B441-FD4D-4F16-9898-093E3332DAD8}.Debug|Any CPU.Build.0 = Debug|Any CPU
		{3CB2B441-FD4D-4F16-9898-093E3332DAD8}.Release|Any CPU.ActiveCfg = Release|Any CPU
		{3CB2B441-FD4D-4F16-9898-093E3332DAD8}.Release|Any CPU.Build.0 = Release|Any CPU
		{EB55642B-A6A9-43CA-9404-1528C9FAEC7A}.Debug|Any CPU.ActiveCfg = Debug|Any CPU
		{EB55642B-A6A9-43CA-9404-1528C9FAEC7A}.Debug|Any CPU.Build.0 = Debug|Any CPU
		{EB55642B-A6A9-43CA-9404-1528C9FAEC7A}.Release|Any CPU.ActiveCfg = Release|Any CPU
		{EB55642B-A6A9-43CA-9404-1528C9FAEC7A}.Release|Any CPU.Build.0 = Release|Any CPU
		{700F0212-AFA0-4822-95C7-28FC785C1465}.Debug|Any CPU.ActiveCfg = Debug|Any CPU
		{700F0212-AFA0-4822-95C7-28FC785C1465}.Debug|Any CPU.Build.0 = Debug|Any CPU
		{700F0212-AFA0-4822-95C7-28FC785C1465}.Release|Any CPU.ActiveCfg = Release|Any CPU
		{700F0212-AFA0-4822-95C7-28FC785C1465}.Release|Any CPU.Build.0 = Release|Any CPU
		{286955FD-3AFA-4D65-B952-CC2092AF879C}.Debug|Any CPU.ActiveCfg = Debug|Any CPU
		{286955FD-3AFA-4D65-B952-CC2092AF879C}.Debug|Any CPU.Build.0 = Debug|Any CPU
		{286955FD-3AFA-4D65-B952-CC2092AF879C}.Release|Any CPU.ActiveCfg = Release|Any CPU
		{286955FD-3AFA-4D65-B952-CC2092AF879C}.Release|Any CPU.Build.0 = Release|Any CPU
		{4DED9F74-BCA8-4A46-B4EA-423988A62D9C}.Debug|Any CPU.ActiveCfg = Debug|Any CPU
		{4DED9F74-BCA8-4A46-B4EA-423988A62D9C}.Debug|Any CPU.Build.0 = Debug|Any CPU
		{4DED9F74-BCA8-4A46-B4EA-423988A62D9C}.Release|Any CPU.ActiveCfg = Release|Any CPU
		{4DED9F74-BCA8-4A46-B4EA-423988A62D9C}.Release|Any CPU.Build.0 = Release|Any CPU
	EndGlobalSection
	GlobalSection(SolutionProperties) = preSolution
		HideSolutionNode = FALSE
	EndGlobalSection
	GlobalSection(ExtensibilityGlobals) = postSolution
		SolutionGuid = {E22D4AF4-06F7-498C-8B5A-1C52557E72C7}
	EndGlobalSection
EndGlobal
